
Microsoft Visual Studio Solution File, Format Version 12.00
# Visual Studio Version 17
VisualStudioVersion = 17.9.34714.143
MinimumVisualStudioVersion = 10.0.40219.1
Project("{9A19103F-16F7-4668-BE54-9A1E7A4F7556}") = "MarkdigExtensions.RtfRenderer", "MarkdigExtensions.RtfRenderer\MarkdigExtensions.RtfRenderer.csproj", "{6A2BF40F-9AB4-44B6-B105-D94928D77E70}"
EndProject
Global
	GlobalSection(SolutionConfigurationPlatforms) = preSolution
		Debug|Any CPU = Debug|Any CPU
		Release|Any CPU = Release|Any CPU
	EndGlobalSection
	GlobalSection(ProjectConfigurationPlatforms) = postSolution
		{6A2BF40F-9AB4-44B6-B105-D94928D77E70}.Debug|Any CPU.ActiveCfg = Debug|Any CPU
		{6A2BF40F-9AB4-44B6-B105-D94928D77E70}.Debug|Any CPU.Build.0 = Debug|Any CPU
		{6A2BF40F-9AB4-44B6-B105-D94928D77E70}.Release|Any CPU.ActiveCfg = Release|Any CPU
		{6A2BF40F-9AB4-44B6-B105-D94928D77E70}.Release|Any CPU.Build.0 = Release|Any CPU
	EndGlobalSection
	GlobalSection(SolutionProperties) = preSolution
		HideSolutionNode = FALSE
	EndGlobalSection
	GlobalSection(ExtensibilityGlobals) = postSolution
		SolutionGuid = {D282721E-0B90-4D10-BA22-997397AD28E1}
	EndGlobalSection
EndGlobal
